#MicroXplorer Configuration settings - do not modify
PC7.GPIOParameters=GPIO_Speed,PinState,GPIO_PuPd,GPIO_Label,GPIO_ModeDefaultOutputPP
RCC.USART1Freq_Value=72000000
PB15.GPIO_Mode=GPIO_MODE_AF_PP
RCC.TIM17Freq_Value=72000000
PC10.GPIO_PuPd=GPIO_NOPULL
I2C1.I2C_Speed_Mode=I2C_Fast
PB10.GPIO_PuPd=GPIO_NOPULL
VP_ADC4_OPAMP_OUT4.Signal=ADC4_OPAMP_OUT4
SPI2.VirtualType=VM_MASTER
PA15.GPIO_Mode=GPIO_MODE_AF_OD
ARM.CMSIS.5.6.0_SwParameter=CMSISJjDSP\:Library;CMSISJjCORE\:true;
TIM1.IPParameters=EncoderMode,IC1Filter,IC2Filter,Period
RCC.PLLCLKFreq_Value=72000000
USB_DEVICE.PID_CDC_FS=0x0001
PC7.Locked=true
PA3.GPIO_PuPd=GPIO_NOPULL
PB7.GPIO_FM7=__NULL
PC6.GPIO_Label=M4_QDA
PC3.Locked=true
RCC.RTCFreq_Value=40000
PA3.GPIOParameters=GPIO_ModeDefaultPP,GPIO_Speed,GPIO_PuPd,GPIO_Label
PB6.GPIO_Label=M3_QDA
SH.S_TIM1_CH1.ConfNb=1
ADC4.OffsetNumber-0\#ChannelRegularConversion=ADC_OFFSET_NONE
PA3.GPIO_Speed=GPIO_SPEED_FREQ_LOW
PB13.Signal=SPI2_SCK
PA2.GPIOParameters=GPIO_PuPd,GPIO_Label,GPIO_Mode
Dma.SPI2_TX.0.Instance=DMA1_Channel5
PinOutPanel.RotationAngle=0
PC3.GPIO_Speed=GPIO_SPEED_FREQ_LOW
PB11.GPIO_Speed=GPIO_SPEED_FREQ_LOW
ADC4.IPParameters=Rank-0\#ChannelRegularConversion,Channel-0\#ChannelRegularConversion,SamplingTime-0\#ChannelRegularConversion,OffsetNumber-0\#ChannelRegularConversion,Offset-0\#ChannelRegularConversion,NbrOfConversionFlag
NVIC.SVCall_IRQn=true\:0\:0\:false\:false\:true\:false\:false
PA3.GPIO_ModeDefaultPP=GPIO_MODE_AF_PP
PA4.Mode=Follower
SH.S_TIM3_CH2.ConfNb=1
USB_DEVICE.USBD_MAX_NUM_INTERFACES=1
TIM2.IPParameters=Channel-PWM Generation3 CH3,Channel-PWM Generation4 CH4,Channel-PWM Generation1 CH1,Channel-PWM Generation2 CH2,Period,AutoReloadPreload,Prescaler,ClockDivision
RCC.APB2TimFreq_Value=72000000
PB6.Signal=S_TIM4_CH1
PC7.Signal=GPIO_Output
PC3.Signal=GPIO_Output
PC1.GPIO_ModeDefaultPP=GPIO_MODE_AF_PP
PA1.GPIO_PuPd=GPIO_NOPULL
OPAMP2.IPParameters=PgaGain,UserTrimming,SelfCalibration
RCC.USART3Freq_Value=36000000
OPAMP2.PgaGain=OPAMP_PGA_GAIN_16
ProjectManager.ProjectBuild=false
NVIC.UsageFault_IRQn=true\:0\:0\:false\:false\:true\:false\:false
PB7.GPIO_ModeDefaultPP=GPIO_MODE_AF_PP
PA8.Locked=true
PC1.GPIO_PuPd=GPIO_PULLUP
ProjectManager.FirmwarePackage=STM32Cube FW_F3 V1.11.0
MxDb.Version=DB.5.0.60
PB0.GPIOParameters=GPIO_PuPd,GPIO_Label,GPIO_Mode
PA1.GPIOParameters=GPIO_ModeDefaultPP,GPIO_Speed,GPIO_PuPd,GPIO_Label
PB10.GPIO_ModeDefaultPP=GPIO_MODE_AF_PP
ProjectManager.BackupPrevious=false
TIM15.Channel-PWM\ Generation2\ CH2=TIM_CHANNEL_2
SPI2.CalculateBaudRate=4.5 MBits/s
PC11.GPIO_Speed=GPIO_SPEED_FREQ_LOW
SH.S_TIM4_CH2.0=TIM4_CH2,Encoder_Interface
PA8.Signal=GPIO_Output
PA8.GPIO_ModeDefaultOutputPP=GPIO_MODE_OUTPUT_PP
NVIC.PendSV_IRQn=true\:0\:0\:false\:false\:true\:false\:false
TIM4.Period=0xffff
PC10.PinState=GPIO_PIN_RESET
ProjectManager.HalAssertFull=false
SH.S_TIM8_CH1.ConfNb=1
PA0.Signal=S_TIM2_CH1_ETR
RCC.TIM1Freq_Value=72000000
RCC.PLLMCOFreq_Value=72000000
PC8.GPIOParameters=GPIO_Label
PC10.GPIO_ModeDefaultOutputPP=GPIO_MODE_OUTPUT_PP
Mcu.Package=LQFP64
TIM2.Prescaler=4
RCC.TIM15Freq_Value=72000000
SPI2.Mode=SPI_MODE_MASTER
RCC.ADC34outputFreq_Value=72000000
PB6.GPIO_FM6=__NULL
VP_SYS_VS_Systick.Signal=SYS_VS_Systick
PC6.GPIO_PuPd=GPIO_PULLUP
Dma.SPI2_TX.0.PeriphInc=DMA_PINC_DISABLE
SH.S_TIM4_CH1.0=TIM4_CH1,Encoder_Interface
RCC.APB1TimFreq_Value=72000000
NVIC.BusFault_IRQn=true\:0\:0\:false\:false\:true\:false\:false
TIM1.Period=0xffff
PB10.GPIOParameters=GPIO_ModeDefaultPP,GPIO_Speed,GPIO_PuPd,GPIO_Label
PB13.Mode=TX_Only_Simplex_Unidirect_Master
SH.S_TIM2_CH4.ConfNb=1
PA4.GPIO_Label=AN_VBAT
PC6.GPIO_Speed=GPIO_SPEED_FREQ_LOW
PA8.GPIO_Speed=GPIO_SPEED_FREQ_LOW
ProjectManager.CustomerFirmwarePackage=
PF1-OSC_OUT.Signal=RCC_OSC_OUT
PA5.Mode=PGA Connected
PA2.GPIO_Mode=GPIO_MODE_INPUT
PB7.GPIO_PuPd=GPIO_PULLUP
PC7.GPIO_ModeDefaultOutputPP=GPIO_MODE_OUTPUT_PP
SH.S_TIM4_CH1.ConfNb=1
ProjectManager.ProjectFileName=vechicle_drv.ioc
RCC.ADC12outputFreq_Value=72000000
PA15.GPIOParameters=GPIO_Speed,GPIO_PuPdOD,GPIO_Mode
Mcu.PinsNb=39
PC11.Locked=true
PA9.GPIO_Label=M4_DIR
PB6.GPIO_PuPd=GPIO_PULLUP
NVIC.USB_LP_CAN_RX0_IRQn=true\:0\:0\:false\:false\:true\:false\:true
PB8.GPIO_PuPd=GPIO_PULLUP
PC2.Signal=GPIO_Output
PC6.Signal=S_TIM8_CH1
PB11.GPIO_Label=M4_EN
TIM4.IC2Filter=4
PC0.Signal=S_TIM1_CH1
RCC.APB1CLKDivider=RCC_HCLK_DIV2
PC11.GPIOParameters=GPIO_Speed,PinState,GPIO_PuPd,GPIO_Label,GPIO_ModeDefaultOutputPP
SH.S_TIM2_CH1_ETR.ConfNb=1
SH.S_TIM8_CH2.0=TIM8_CH2,Encoder_Interface
PB11.GPIO_ModeDefaultPP=GPIO_MODE_AF_PP
PC3.GPIOParameters=GPIO_Speed,PinState,GPIO_PuPd,GPIO_Label,GPIO_ModeDefaultOutputPP
PA0.GPIO_Speed=GPIO_SPEED_FREQ_LOW
PB8.GPIO_Label=M4_QDB
PA8.GPIO_Label=M3_DIR
OPAMP4.IPParameters=UserTrimming,SelfCalibration
ADC2.ContinuousConvMode=ENABLE
USB_DEVICE.VID=0x1209
TIM3.IC2Filter=4
TIM4.IPParameters=EncoderMode,IC1Filter,IC2Filter,Period
USB_DEVICE.PRODUCT_STRING_CDC_FS=MOTOR_DRV
ADC2.IPParameters=ContinuousConvMode,EnableRegularConversion,Rank-0\#ChannelRegularConversion,Channel-0\#ChannelRegularConversion,SamplingTime-0\#ChannelRegularConversion,OffsetNumber-0\#ChannelRegularConversion,Offset-0\#ChannelRegularConversion,NbrOfConversionFlag
PA9.Signal=GPIO_Output
SH.S_TIM2_CH2.ConfNb=1
I2C1.Timing=0x0000020B
PB11.GPIOParameters=GPIO_ModeDefaultPP,GPIO_Speed,GPIO_PuPd,GPIO_Label
PA9.PinState=GPIO_PIN_RESET
PC0.GPIO_ModeDefaultPP=GPIO_MODE_AF_PP
PB4.GPIO_PuPd=GPIO_PULLUP
PC7.GPIO_PuPd=GPIO_NOPULL
PB10.Signal=S_TIM2_CH3
ARM.CMSIS.5.6.0.CMSISJjCORE=true
PA5.Signal=OPAMP2_VINM
TIM3.IC1Filter=4
ADC2.OffsetNumber-0\#ChannelRegularConversion=ADC_OFFSET_NONE
SH.S_TIM8_CH1.0=TIM8_CH1,Encoder_Interface
ProjectManager.LastFirmware=true
SH.S_TIM15_CH2.ConfNb=1
PA7.GPIO_Speed=GPIO_SPEED_FREQ_LOW
PB4.GPIO_Label=M2_QDA
Mcu.Pin37=VP_SYS_VS_Systick
Mcu.Pin38=VP_USB_DEVICE_VS_USB_DEVICE_CDC_FS
ADC4.NbrOfConversionFlag=1
RCC.PRESCALERUSB=RCC_USBCLKSOURCE_PLL_DIV1_5
Mcu.Pin35=VP_ADC2_OPAMP_OUT2
RCC.I2C1Freq_Value=8000000
Mcu.Pin36=VP_ADC4_OPAMP_OUT4
PC2.GPIOParameters=GPIO_Speed,PinState,GPIO_PuPd,GPIO_Label,GPIO_ModeDefaultOutputPP
PA0.GPIO_ModeDefaultPP=GPIO_MODE_AF_PP
Mcu.Pin30=PC11
PA1.GPIO_Label=M2_EN
TIM1.IC2Filter=4
Mcu.Pin33=PB7
TIM3.IPParameters=EncoderMode,IC1Filter,IC2Filter,Period
Mcu.Pin34=PB8
Mcu.Pin31=PB4
PC1.GPIO_Speed=GPIO_SPEED_FREQ_LOW
Mcu.Pin32=PB6
PA9.Locked=true
NVIC.NonMaskableInt_IRQn=true\:0\:0\:false\:false\:true\:false\:true
SH.S_TIM2_CH3.ConfNb=1
PC10.GPIOParameters=GPIO_Speed,PinState,GPIO_PuPd,GPIO_Label,GPIO_ModeDefaultOutputPP
PC11.GPIO_ModeDefaultOutputPP=GPIO_MODE_OUTPUT_PP
TIM2.Period=1024
ProjectManager.FreePins=true
Mcu.Pin26=PA12
Mcu.Pin27=PA14
RCC.RTCHSEDivFreq_Value=250000
Mcu.Pin24=PA9
ProjectManager.UnderRoot=false
Mcu.Pin25=PA11
TIM8.Period=0xffff
Mcu.Pin28=PA15
PC7.GPIO_Label=M1_DIR
Mcu.Pin29=PC10
PA4.Signal=OPAMP4_VINP
Mcu.Pin22=PC8
Mcu.Pin23=PA8
Mcu.Pin20=PC6
Mcu.Pin21=PC7
ADC2.NbrOfConversionFlag=1
TIM1.IC1Filter=4
NVIC.ForceEnableDMAVector=true
PA14.GPIOParameters=GPIO_Speed,GPIO_PuPdOD,GPIO_Mode
NVIC.MemoryManagement_IRQn=true\:0\:0\:false\:false\:true\:false\:false
ProjectManager.CompilerOptimize=6
PA11.Signal=USB_DM
SH.S_TIM2_CH1_ETR.0=TIM2_CH1,PWM Generation1 CH1
ProjectManager.HeapSize=0x200
PA0.GPIOParameters=GPIO_ModeDefaultPP,GPIO_Speed,GPIO_PuPd,GPIO_Label
Mcu.Pin15=PB10
NVIC.HardFault_IRQn=true\:0\:0\:false\:false\:true\:false\:false
Mcu.Pin16=PB11
Mcu.Pin13=PA7
Mcu.Pin14=PB0
PA15.GPIO_PuPdOD=GPIO_PULLUP
Mcu.Pin19=PB15
SH.S_TIM3_CH1.ConfNb=1
ProjectManager.ComputerToolchain=false
Mcu.Pin17=PB12
Mcu.Pin18=PB13
RCC.TIM3Freq_Value=72000000
NVIC.PriorityGroup=NVIC_PRIORITYGROUP_4
Mcu.Pin11=PA5
Mcu.Pin12=PA6
Mcu.Pin10=PA4
USB_DEVICE.APP_RX_DATA_SIZE=512
TIM2.AutoReloadPreload=TIM_AUTORELOAD_PRELOAD_ENABLE
PC3.GPIO_Label=V12_SHUT
SPI2.DataSize=SPI_DATASIZE_8BIT
OPAMP4.SelfCalibration=Enable
PC3.GPIO_ModeDefaultOutputPP=GPIO_MODE_OUTPUT_OD
PF0-OSC_IN.Signal=RCC_OSC_IN
PB6.GPIO_Speed=GPIO_SPEED_FREQ_LOW
RCC.I2C2Freq_Value=8000000
PB0.Signal=OPAMP2_VINP
PA7.GPIOParameters=GPIO_Label,GPIO_ModeDefaultPP,GPIO_Speed,GPIO_PuPd
PC1.Signal=S_TIM1_CH2
Mcu.Family=STM32F3
VP_ADC4_OPAMP_OUT4.Mode=IN3-OPAMP4-Single-Ended
ProjectManager.MainLocation=Core/Src
PA2.GPIO_PuPd=GPIO_NOPULL
RCC.MCOFreq_Value=72000000
PA6.Mode=PGA Connected
SH.S_TIM4_CH2.ConfNb=1
Dma.SPI2_TX.0.MemInc=DMA_MINC_ENABLE
USB_DEVICE.CLASS_NAME_FS=CDC
RCC.CortexFreq_Value=72000000
NVIC.DMA1_Channel5_IRQn=true\:0\:0\:false\:false\:true\:false\:true
ProjectManager.KeepUserCode=true
Mcu.UserName=STM32F303RETx
PB10.GPIO_Speed=GPIO_SPEED_FREQ_LOW
ADC2.Channel-0\#ChannelRegularConversion=ADC_CHANNEL_3
PC10.Locked=true
PC10.Signal=GPIO_Output
TIM4.EncoderMode=TIM_ENCODERMODE_TI12
ARM.CMSIS.5.6.0.IPParameters=CMSISJjCORE,CMSISJjDSP
RCC.SYSCLKSourceVirtual=RCC_SYSCLKSOURCE_PLLCLK
PA0.GPIO_Label=M1_EN
TIM3.EncoderMode=TIM_ENCODERMODE_TI12
ProjectManager.functionlistsort=1-MX_GPIO_Init-GPIO-false-HAL-true,2-MX_DMA_Init-DMA-false-HAL-true,3-SystemClock_Config-RCC-false-LL-false,4-MX_TIM1_Init-TIM1-false-HAL-true,5-MX_TIM2_Init-TIM2-false-HAL-true,6-MX_TIM3_Init-TIM3-false-HAL-true,7-MX_TIM4_Init-TIM4-false-HAL-true,8-MX_USB_DEVICE_Init-USB_DEVICE-false-HAL-false,9-MX_I2C1_Init-I2C1-false-HAL-true,10-MX_SPI2_Init-SPI2-false-HAL-true,11-MX_TIM8_Init-TIM8-false-HAL-true,12-MX_ADC2_Init-ADC2-false-HAL-true,13-MX_ADC4_Init-ADC4-false-HAL-true,14-MX_OPAMP2_Init-OPAMP2-false-HAL-true,15-MX_OPAMP4_Init-OPAMP4-false-HAL-true,16-MX_TIM15_Init-TIM15-false-HAL-true
PC0.GPIOParameters=GPIO_ModeDefaultPP,GPIO_Speed,GPIO_PuPd,GPIO_Label
PA9.GPIOParameters=GPIO_Speed,PinState,GPIO_PuPd,GPIO_Label,GPIO_ModeDefaultOutputPP
PC0.GPIO_Label=M1_QDA
TIM1.EncoderMode=TIM_ENCODERMODE_TI12
TIM8.EncoderMode=TIM_ENCODERMODE_TI12
PA11.Mode=Device
PB0.GPIO_Label=AN_CURR
PC10.GPIO_Speed=GPIO_SPEED_FREQ_LOW
RCC.USART2Freq_Value=36000000
PC2.GPIO_Speed=GPIO_SPEED_FREQ_LOW
PB11.GPIO_PuPd=GPIO_NOPULL
Dma.SPI2_TX.0.RequestParameters=Instance,Direction,PeriphInc,MemInc,PeriphDataAlignment,MemDataAlignment,Mode,Priority
TIM2.Channel-PWM\ Generation2\ CH2=TIM_CHANNEL_2
PB11.Signal=S_TIM2_CH4
USB.lpm_enable=DISABLE
PB15.Signal=SPI2_MOSI
ProjectManager.StackSize=0x400
PC3.PinState=GPIO_PIN_RESET
SH.S_TIM15_CH2.0=TIM15_CH2,PWM Generation2 CH2
Dma.SPI2_TX.0.MemDataAlignment=DMA_MDATAALIGN_HALFWORD
RCC.I2C3Freq_Value=8000000
Mcu.IP4=NVIC
ADC4.Channel-0\#ChannelRegularConversion=ADC_CHANNEL_3
Mcu.IP5=OPAMP2
RCC.FCLKCortexFreq_Value=72000000
USB_DEVICE.MANUFACTURER_STRING=tensor-robotics
I2C1.IPParameters=I2C_Speed_Mode,Timing
Mcu.IP2=DMA
Mcu.IP3=I2C1
PC11.GPIO_PuPd=GPIO_NOPULL
PB4.GPIOParameters=GPIO_ModeDefaultPP,GPIO_Speed,GPIO_PuPd,GPIO_Label
Mcu.IP0=ADC2
Mcu.IP1=ADC4
PA12.Signal=USB_DP
Mcu.UserConstants=
PC1.GPIOParameters=GPIO_ModeDefaultPP,GPIO_Speed,GPIO_PuPd,GPIO_Label
TIM15.Prescaler=15
Mcu.ThirdPartyNb=1
PA1.GPIO_ModeDefaultPP=GPIO_MODE_AF_PP
PC6.GPIO_ModeDefaultPP=GPIO_MODE_AF_PP
RCC.HCLKFreq_Value=72000000
Mcu.IPNb=18
RCC.I2SClocksFreq_Value=72000000
ProjectManager.PreviousToolchain=
TIM3.Period=0xffff
TIM2.ClockDivision=TIM_CLOCKDIVISION_DIV4
PA8.GPIOParameters=GPIO_Speed,PinState,GPIO_PuPd,GPIO_Label,GPIO_ModeDefaultOutputPP
Mcu.Pin6=PA0
Mcu.Pin7=PA1
Mcu.Pin8=PA2
OPAMP2.SelfCalibration=Enable
Mcu.Pin9=PA3
Dma.SPI2_TX.0.Mode=DMA_NORMAL
RCC.AHBFreq_Value=72000000
SPI2.BaudRatePrescaler=SPI_BAUDRATEPRESCALER_8
RCC.TIM2Freq_Value=72000000
Mcu.Pin0=PF0-OSC_IN
Mcu.Pin1=PF1-OSC_OUT
TIM8.IPParameters=EncoderMode,IC1Filter,IC2Filter,Period
GPIO.groupedBy=Group By Peripherals
Mcu.Pin2=PC0
Mcu.Pin3=PC1
Mcu.Pin4=PC2
Mcu.Pin5=PC3
RCC.HSE_VALUE=8000000
PB8.GPIO_ModeDefaultPP=GPIO_MODE_AF_PP
NVIC.DebugMonitor_IRQn=true\:0\:0\:false\:false\:true\:false\:false
PA4.GPIO_PuPd=GPIO_NOPULL
Mcu.IP10=TIM1
PA15.Mode=I2C
VP_ADC2_OPAMP_OUT2.Mode=IN3-OPAMP2-Single-Ended
NVIC.SysTick_IRQn=true\:0\:0\:false\:false\:true\:false\:true
Mcu.IP12=TIM3
RCC.PLLMUL=RCC_PLL_MUL9
Mcu.IP11=TIM2
Mcu.IP17=USB_DEVICE
Mcu.ThirdParty0=ARM.CMSIS.5.6.0
Mcu.IP14=TIM8
Mcu.IP13=TIM4
Mcu.IP16=USB
Mcu.IP15=TIM15
PA14.Mode=I2C
ADC4.Rank-0\#ChannelRegularConversion=1
OPAMP4.UserTrimming=OPAMP_TRIMMING_USER
PC11.GPIO_Label=LED_DIAG
File.Version=6
PC7.PinState=GPIO_PIN_RESET
PB7.Signal=S_TIM4_CH2
TIM2.Channel-PWM\ Generation1\ CH1=TIM_CHANNEL_1
SH.S_TIM3_CH1.0=TIM3_CH1,Encoder_Interface
Dma.RequestsNb=1
PB6.GPIOParameters=GPIO_ModeDefaultPP,GPIO_Speed,GPIO_FM6,GPIO_PuPd,GPIO_Label
ProjectManager.ProjectName=vechicle_drv
PB7.GPIO_Label=M3_QDB
ADC2.Offset-0\#ChannelRegularConversion=0
PA6.Signal=OPAMP2_VOUT
PB12.Mode=Follower
PA7.Locked=true
PB0.GPIO_Mode=GPIO_MODE_ANALOG
PB15.GPIO_PuPd=GPIO_NOPULL
RCC.EnbaleCSS=true
PA0.GPIO_PuPd=GPIO_NOPULL
ProjectManager.ToolChainLocation=
PA2.GPIO_Label=SIG_DOCK
RCC.LSI_VALUE=40000
PA15.Signal=I2C1_SCL
VP_USB_DEVICE_VS_USB_DEVICE_CDC_FS.Signal=USB_DEVICE_VS_USB_DEVICE_CDC_FS
ADC2.SamplingTime-0\#ChannelRegularConversion=ADC_SAMPLETIME_1CYCLE_5
SPI2.CLKPhase=SPI_PHASE_2EDGE
TIM4.IC1Filter=4
PA14.GPIO_PuPdOD=GPIO_PULLUP
RCC.TIM16Freq_Value=72000000
PC2.GPIO_ModeDefaultOutputPP=GPIO_MODE_OUTPUT_PP
SPI2.Direction=SPI_DIRECTION_2LINES
ADC2.Rank-0\#ChannelRegularConversion=1
PC0.GPIO_PuPd=GPIO_PULLUP
PF1-OSC_OUT.Mode=HSE-External-Oscillator
Dma.Request0=SPI2_TX
PA14.GPIO_Mode=GPIO_MODE_AF_OD
PC2.GPIO_Label=M_SLEEP
PA8.PinState=GPIO_PIN_RESET
PB4.Signal=S_TIM3_CH1
PA3.Signal=S_TIM15_CH2
PB7.GPIO_Speed=GPIO_SPEED_FREQ_LOW
PA2.Locked=true
TIM2.Channel-PWM\ Generation4\ CH4=TIM_CHANNEL_4
PB8.GPIOParameters=GPIO_ModeDefaultPP,GPIO_Speed,GPIO_PuPd,GPIO_Label,GPIO_FM8
PC10.GPIO_Label=LED_SYS
ProjectManager.NoMain=false
USB_DEVICE.VirtualModeFS=Cdc_FS
PA14.GPIO_Speed=GPIO_SPEED_FREQ_HIGH
PB8.GPIO_FM8=__NULL
PC11.Signal=GPIO_Output
PC8.Signal=GPIO_Output
ARM.CMSIS.5.6.0.CMSISJjDSP=Library
ProjectManager.DefaultFWLocation=true
OPAMP2.UserTrimming=OPAMP_TRIMMING_USER
USB.IPParameters=low_power_enable,lpm_enable
ADC2.EnableRegularConversion=ENABLE
ProjectManager.DeletePrevious=true
USB_DEVICE.IPParameters=VirtualMode,VirtualModeFS,CLASS_NAME_FS,USBD_MAX_NUM_INTERFACES,APP_RX_DATA_SIZE,APP_TX_DATA_SIZE,VID,PID_CDC_FS,PRODUCT_STRING_CDC_FS,MANUFACTURER_STRING
PA9.GPIO_PuPd=GPIO_NOPULL
RCC.FamilyName=M
PA7.GPIO_ModeDefaultPP=GPIO_MODE_AF_PP
PC8.GPIO_Label=M2_DIR
SH.S_TIM2_CH2.0=TIM2_CH2,PWM Generation2 CH2
PC0.GPIO_Speed=GPIO_SPEED_FREQ_LOW
SH.S_TIM1_CH1.0=TIM1_CH1,Encoder_Interface
ProjectManager.TargetToolchain=Makefile
PB10.GPIO_Label=M3_EN
PB7.GPIOParameters=GPIO_ModeDefaultPP,GPIO_Speed,GPIO_PuPd,GPIO_Label,GPIO_FM7
VP_USB_DEVICE_VS_USB_DEVICE_CDC_FS.Mode=CDC_FS
SPI2.IPParameters=VirtualType,Mode,Direction,CalculateBaudRate,DataSize,BaudRatePrescaler,CLKPhase
PC2.Locked=true
RCC.USBFreq_Value=48000000
ADC4.Offset-0\#ChannelRegularConversion=0
RCC.LSE_VALUE=32768
TIM15.IPParameters=Channel-PWM Generation2 CH2,Prescaler
PA1.Signal=S_TIM2_CH2
PA7.GPIO_PuPd=GPIO_PULLUP
PB6.GPIO_ModeDefaultPP=GPIO_MODE_AF_PP
SH.S_TIM1_CH2.ConfNb=1
PF0-OSC_IN.Mode=HSE-External-Oscillator
SH.S_TIM3_CH2.0=TIM3_CH2,Encoder_Interface
PB4.GPIO_ModeDefaultPP=GPIO_MODE_AF_PP
PB0.Mode=PGA Connected
board=custom
PC7.GPIO_Speed=GPIO_SPEED_FREQ_LOW
USB.low_power_enable=DISABLE
PB15.Mode=TX_Only_Simplex_Unidirect_Master
RCC.VCOOutput2Freq_Value=8000000
PA4.GPIO_Mode=GPIO_MODE_ANALOG
PB4.GPIO_Speed=GPIO_SPEED_FREQ_LOW
RCC.APB2Freq_Value=72000000
RCC.TIM8Freq_Value=72000000
RCC.UART4Freq_Value=36000000
PC11.PinState=GPIO_PIN_RESET
MxCube.Version=5.6.1
SH.S_TIM1_CH2.0=TIM1_CH2,Encoder_Interface
SH.S_TIM2_CH3.0=TIM2_CH3,PWM Generation3 CH3
Dma.SPI2_TX.0.PeriphDataAlignment=DMA_PDATAALIGN_HALFWORD
PA1.GPIO_Speed=GPIO_SPEED_FREQ_LOW
PB15.GPIO_Speed=GPIO_SPEED_FREQ_HIGH
PC1.GPIO_Label=M1_QDB
VP_SYS_VS_Systick.Mode=SysTick
TIM2.Channel-PWM\ Generation3\ CH3=TIM_CHANNEL_3
PA4.GPIOParameters=GPIO_PuPd,GPIO_Label,GPIO_Mode
PC2.GPIO_PuPd=GPIO_NOPULL
RCC.UART5Freq_Value=36000000
PB15.GPIOParameters=GPIO_Speed,GPIO_PuPd,GPIO_Mode
RCC.IPParameters=ADC12outputFreq_Value,ADC34outputFreq_Value,AHBFreq_Value,APB1CLKDivider,APB1Freq_Value,APB1TimFreq_Value,APB2Freq_Value,APB2TimFreq_Value,CortexFreq_Value,EnbaleCSS,FCLKCortexFreq_Value,FamilyName,HCLKFreq_Value,HSE_VALUE,HSI_VALUE,I2C1Freq_Value,I2C2Freq_Value,I2C3Freq_Value,I2SClocksFreq_Value,LSE_VALUE,LSI_VALUE,MCOFreq_Value,PLLCLKFreq_Value,PLLMCOFreq_Value,PLLMUL,PRESCALERUSB,RTCFreq_Value,RTCHSEDivFreq_Value,SYSCLKFreq_VALUE,SYSCLKSourceVirtual,TIM15Freq_Value,TIM16Freq_Value,TIM17Freq_Value,TIM1Freq_Value,TIM2Freq_Value,TIM3Freq_Value,TIM8Freq_Value,UART4Freq_Value,UART5Freq_Value,USART1Freq_Value,USART2Freq_Value,USART3Freq_Value,USBFreq_Value,VCOOutput2Freq_Value
ProjectManager.AskForMigrate=true
Mcu.Name=STM32F303R(D-E)Tx
ADC4.SamplingTime-0\#ChannelRegularConversion=ADC_SAMPLETIME_1CYCLE_5
PA2.Signal=GPIO_Input
Mcu.IP8=SPI2
Mcu.IP9=SYS
Mcu.IP6=OPAMP4
Mcu.IP7=RCC
ProjectManager.CoupleFile=true
PA9.GPIO_ModeDefaultOutputPP=GPIO_MODE_OUTPUT_PP
Dma.SPI2_TX.0.Priority=DMA_PRIORITY_LOW
RCC.SYSCLKFreq_VALUE=72000000
TIM8.IC1Filter=4
PA7.GPIO_Label=M2_QDB
PC2.PinState=GPIO_PIN_RESET
PA12.Mode=Device
KeepUserPlacement=false
PA15.GPIO_Speed=GPIO_SPEED_FREQ_HIGH
USB_DEVICE.APP_TX_DATA_SIZE=512
PA14.Signal=I2C1_SDA
VP_ADC2_OPAMP_OUT2.Signal=ADC2_OPAMP_OUT2
SH.S_TIM2_CH4.0=TIM2_CH4,PWM Generation4 CH4
PC6.GPIOParameters=GPIO_ModeDefaultPP,GPIO_Speed,GPIO_PuPd,GPIO_Label
RCC.HSI_VALUE=8000000
PA8.GPIO_PuPd=GPIO_NOPULL
TIM8.IC2Filter=4
PA9.GPIO_Speed=GPIO_SPEED_FREQ_LOW
PB8.Signal=S_TIM8_CH2
PC8.Locked=true
Dma.SPI2_TX.0.Direction=DMA_MEMORY_TO_PERIPH
RCC.APB1Freq_Value=36000000
PB8.GPIO_Speed=GPIO_SPEED_FREQ_LOW
USB_DEVICE.VirtualMode=Cdc
ProjectManager.DeviceId=STM32F303RETx
SH.S_TIM8_CH2.ConfNb=1
PB12.Signal=OPAMP4_VOUT
ProjectManager.LibraryCopy=0
PB0.GPIO_PuPd=GPIO_NOPULL
PC3.GPIO_PuPd=GPIO_NOPULL
PA3.GPIO_Label=BEEP_PWM
PA7.Signal=S_TIM3_CH2
